// !$*UTF8*$!
{
	archiveVersion = 1;
	classes = {
	};
	objectVersion = 55;
	objects = {

/* Begin PBXBuildFile section */
		F21ACE7428A1A2D700C8EEA3 /* DetailViewController.swift in Sources */ = {isa = PBXBuildFile; fileRef = F21ACE7328A1A2D700C8EEA3 /* DetailViewController.swift */; };
		F2727C48289D88C30065AA2F /* AppDelegate.swift in Sources */ = {isa = PBXBuildFile; fileRef = F2727C47289D88C30065AA2F /* AppDelegate.swift */; };
		F2727C4A289D88C30065AA2F /* SceneDelegate.swift in Sources */ = {isa = PBXBuildFile; fileRef = F2727C49289D88C30065AA2F /* SceneDelegate.swift */; };
		F2727C4C289D88C30065AA2F /* ViewController.swift in Sources */ = {isa = PBXBuildFile; fileRef = F2727C4B289D88C30065AA2F /* ViewController.swift */; };
		F2727C4F289D88C30065AA2F /* Main.storyboard in Resources */ = {isa = PBXBuildFile; fileRef = F2727C4D289D88C30065AA2F /* Main.storyboard */; };
		F2727C51289D88C50065AA2F /* Assets.xcassets in Resources */ = {isa = PBXBuildFile; fileRef = F2727C50289D88C50065AA2F /* Assets.xcassets */; };
		F2727C54289D88C50065AA2F /* LaunchScreen.storyboard in Resources */ = {isa = PBXBuildFile; fileRef = F2727C52289D88C50065AA2F /* LaunchScreen.storyboard */; };
		F2727C5D289D88D80065AA2F /* Alamofire in Frameworks */ = {isa = PBXBuildFile; productRef = F2727C5C289D88D80065AA2F /* Alamofire */; };
		F2727C63289D8F140065AA2F /* MoviesModel.swift in Sources */ = {isa = PBXBuildFile; fileRef = F2727C62289D8F140065AA2F /* MoviesModel.swift */; };
		F2727C65289D94B70065AA2F /* WebService.swift in Sources */ = {isa = PBXBuildFile; fileRef = F2727C64289D94B70065AA2F /* WebService.swift */; };
		F2727C67289D99670065AA2F /* MoviesViewModel.swift in Sources */ = {isa = PBXBuildFile; fileRef = F2727C66289D99670065AA2F /* MoviesViewModel.swift */; };
		F2727C69289DC62A0065AA2F /* MoviesTableViewCell.swift in Sources */ = {isa = PBXBuildFile; fileRef = F2727C68289DC62A0065AA2F /* MoviesTableViewCell.swift */; };
		F2727C6C289DCE460065AA2F /* AlamofireImage in Frameworks */ = {isa = PBXBuildFile; productRef = F2727C6B289DCE460065AA2F /* AlamofireImage */; };
/* End PBXBuildFile section */

/* Begin PBXFileReference section */
		F21ACE7328A1A2D700C8EEA3 /* DetailViewController.swift */ = {isa = PBXFileReference; lastKnownFileType = sourcecode.swift; path = DetailViewController.swift; sourceTree = "<group>"; };
		F2727C44289D88C30065AA2F /* MovieList-Mvvm-Alamofire.app */ = {isa = PBXFileReference; explicitFileType = wrapper.application; includeInIndex = 0; path = "MovieList-Mvvm-Alamofire.app"; sourceTree = BUILT_PRODUCTS_DIR; };
		F2727C47289D88C30065AA2F /* AppDelegate.swift */ = {isa = PBXFileReference; lastKnownFileType = sourcecode.swift; path = AppDelegate.swift; sourceTree = "<group>"; };
		F2727C49289D88C30065AA2F /* SceneDelegate.swift */ = {isa = PBXFileReference; lastKnownFileType = sourcecode.swift; path = SceneDelegate.swift; sourceTree = "<group>"; };
		F2727C4B289D88C30065AA2F /* ViewController.swift */ = {isa = PBXFileReference; lastKnownFileType = sourcecode.swift; path = ViewController.swift; sourceTree = "<group>"; };
		F2727C4E289D88C30065AA2F /* Base */ = {isa = PBXFileReference; lastKnownFileType = file.storyboard; name = Base; path = Base.lproj/Main.storyboard; sourceTree = "<group>"; };
		F2727C50289D88C50065AA2F /* Assets.xcassets */ = {isa = PBXFileReference; lastKnownFileType = folder.assetcatalog; path = Assets.xcassets; sourceTree = "<group>"; };
		F2727C53289D88C50065AA2F /* Base */ = {isa = PBXFileReference; lastKnownFileType = file.storyboard; name = Base; path = Base.lproj/LaunchScreen.storyboard; sourceTree = "<group>"; };
		F2727C55289D88C50065AA2F /* Info.plist */ = {isa = PBXFileReference; lastKnownFileType = text.plist.xml; path = Info.plist; sourceTree = "<group>"; };
		F2727C62289D8F140065AA2F /* MoviesModel.swift */ = {isa = PBXFileReference; lastKnownFileType = sourcecode.swift; path = MoviesModel.swift; sourceTree = "<group>"; };
		F2727C64289D94B70065AA2F /* WebService.swift */ = {isa = PBXFileReference; lastKnownFileType = sourcecode.swift; path = WebService.swift; sourceTree = "<group>"; };
		F2727C66289D99670065AA2F /* MoviesViewModel.swift */ = {isa = PBXFileReference; lastKnownFileType = sourcecode.swift; path = MoviesViewModel.swift; sourceTree = "<group>"; };
		F2727C68289DC62A0065AA2F /* MoviesTableViewCell.swift */ = {isa = PBXFileReference; lastKnownFileType = sourcecode.swift; path = MoviesTableViewCell.swift; sourceTree = "<group>"; };
/* End PBXFileReference section */

/* Begin PBXFrameworksBuildPhase section */
		F2727C41289D88C30065AA2F /* Frameworks */ = {
			isa = PBXFrameworksBuildPhase;
			buildActionMask = 2147483647;
			files = (
				F2727C5D289D88D80065AA2F /* Alamofire in Frameworks */,
				F2727C6C289DCE460065AA2F /* AlamofireImage in Frameworks */,
			);
			runOnlyForDeploymentPostprocessing = 0;
		};
/* End PBXFrameworksBuildPhase section */

/* Begin PBXGroup section */
		F2727C3B289D88C30065AA2F = {
			isa = PBXGroup;
			children = (
				F2727C46289D88C30065AA2F /* MovieList-Mvvm-Alamofire */,
				F2727C45289D88C30065AA2F /* Products */,
			);
			sourceTree = "<group>";
		};
		F2727C45289D88C30065AA2F /* Products */ = {
			isa = PBXGroup;
			children = (
				F2727C44289D88C30065AA2F /* MovieList-Mvvm-Alamofire.app */,
			);
			name = Products;
			sourceTree = "<group>";
		};
		F2727C46289D88C30065AA2F /* MovieList-Mvvm-Alamofire */ = {
			isa = PBXGroup;
			children = (
				F2727C61289D89090065AA2F /* Service */,
				F2727C60289D88FF0065AA2F /* Model */,
				F2727C5F289D88F80065AA2F /* ViewModel */,
				F2727C5E289D88E80065AA2F /* View */,
				F2727C4D289D88C30065AA2F /* Main.storyboard */,
				F2727C50289D88C50065AA2F /* Assets.xcassets */,
				F2727C52289D88C50065AA2F /* LaunchScreen.storyboard */,
				F2727C55289D88C50065AA2F /* Info.plist */,
			);
			path = "MovieList-Mvvm-Alamofire";
			sourceTree = "<group>";
		};
		F2727C5E289D88E80065AA2F /* View */ = {
			isa = PBXGroup;
			children = (
				F2727C47289D88C30065AA2F /* AppDelegate.swift */,
				F2727C49289D88C30065AA2F /* SceneDelegate.swift */,
				F2727C4B289D88C30065AA2F /* ViewController.swift */,
				F2727C68289DC62A0065AA2F /* MoviesTableViewCell.swift */,
				F21ACE7328A1A2D700C8EEA3 /* DetailViewController.swift */,
			);
			path = View;
			sourceTree = "<group>";
		};
		F2727C5F289D88F80065AA2F /* ViewModel */ = {
			isa = PBXGroup;
			children = (
				F2727C66289D99670065AA2F /* MoviesViewModel.swift */,
			);
			path = ViewModel;
			sourceTree = "<group>";
		};
		F2727C60289D88FF0065AA2F /* Model */ = {
			isa = PBXGroup;
			children = (
				F2727C62289D8F140065AA2F /* MoviesModel.swift */,
			);
			path = Model;
			sourceTree = "<group>";
		};
		F2727C61289D89090065AA2F /* Service */ = {
			isa = PBXGroup;
			children = (
				F2727C64289D94B70065AA2F /* WebService.swift */,
			);
			path = Service;
			sourceTree = "<group>";
		};
/* End PBXGroup section */

/* Begin PBXNativeTarget section */
		F2727C43289D88C30065AA2F /* MovieList-Mvvm-Alamofire */ = {
			isa = PBXNativeTarget;
			buildConfigurationList = F2727C58289D88C50065AA2F /* Build configuration list for PBXNativeTarget "MovieList-Mvvm-Alamofire" */;
			buildPhases = (
				F2727C40289D88C30065AA2F /* Sources */,
				F2727C41289D88C30065AA2F /* Frameworks */,
				F2727C42289D88C30065AA2F /* Resources */,
			);
			buildRules = (
			);
			dependencies = (
			);
			name = "MovieList-Mvvm-Alamofire";
			packageProductDependencies = (
				F2727C5C289D88D80065AA2F /* Alamofire */,
				F2727C6B289DCE460065AA2F /* AlamofireImage */,
			);
			productName = "MovieList-Mvvm-Alamofire";
			productReference = F2727C44289D88C30065AA2F /* MovieList-Mvvm-Alamofire.app */;
			productType = "com.apple.product-type.application";
		};
/* End PBXNativeTarget section */

/* Begin PBXProject section */
		F2727C3C289D88C30065AA2F /* Project object */ = {
			isa = PBXProject;
			attributes = {
				BuildIndependentTargetsInParallel = 1;
				LastSwiftUpdateCheck = 1340;
				LastUpgradeCheck = 1340;
				TargetAttributes = {
					F2727C43289D88C30065AA2F = {
						CreatedOnToolsVersion = 13.4.1;
					};
				};
			};
			buildConfigurationList = F2727C3F289D88C30065AA2F /* Build configuration list for PBXProject "MovieList-Mvvm-Alamofire" */;
			compatibilityVersion = "Xcode 13.0";
			developmentRegion = en;
			hasScannedForEncodings = 0;
			knownRegions = (
				en,
				Base,
			);
			mainGroup = F2727C3B289D88C30065AA2F;
			packageReferences = (
				F2727C5B289D88D80065AA2F /* XCRemoteSwiftPackageReference "Alamofire" */,
				F2727C6A289DCE450065AA2F /* XCRemoteSwiftPackageReference "AlamofireImage" */,
			);
			productRefGroup = F2727C45289D88C30065AA2F /* Products */;
			projectDirPath = "";
			projectRoot = "";
			targets = (
				F2727C43289D88C30065AA2F /* MovieList-Mvvm-Alamofire */,
			);
		};
/* End PBXProject section */

/* Begin PBXResourcesBuildPhase section */
		F2727C42289D88C30065AA2F /* Resources */ = {
			isa = PBXResourcesBuildPhase;
			buildActionMask = 2147483647;
			files = (
				F2727C54289D88C50065AA2F /* LaunchScreen.storyboard in Resources */,
				F2727C51289D88C50065AA2F /* Assets.xcassets in Resources */,
				F2727C4F289D88C30065AA2F /* Main.storyboard in Resources */,
			);
			runOnlyForDeploymentPostprocessing = 0;
		};
/* End PBXResourcesBuildPhase section */

/* Begin PBXSourcesBuildPhase section */
		F2727C40289D88C30065AA2F /* Sources */ = {
			isa = PBXSourcesBuildPhase;
			buildActionMask = 2147483647;
			files = (
				F2727C63289D8F140065AA2F /* MoviesModel.swift in Sources */,
				F2727C67289D99670065AA2F /* MoviesViewModel.swift in Sources */,
				F2727C4C289D88C30065AA2F /* ViewController.swift in Sources */,
				F2727C48289D88C30065AA2F /* AppDelegate.swift in Sources */,
				F2727C65289D94B70065AA2F /* WebService.swift in Sources */,
				F2727C69289DC62A0065AA2F /* MoviesTableViewCell.swift in Sources */,
				F2727C4A289D88C30065AA2F /* SceneDelegate.swift in Sources */,
				F21ACE7428A1A2D700C8EEA3 /* DetailViewController.swift in Sources */,
			);
			runOnlyForDeploymentPostprocessing = 0;
		};
/* End PBXSourcesBuildPhase section */

/* Begin PBXVariantGroup section */
		F2727C4D289D88C30065AA2F /* Main.storyboard */ = {
			isa = PBXVariantGroup;
			children = (
				F2727C4E289D88C30065AA2F /* Base */,
			);
			name = Main.storyboard;
			sourceTree = "<group>";
		};
		F2727C52289D88C50065AA2F /* LaunchScreen.storyboard */ = {
			isa = PBXVariantGroup;
			children = (
				F2727C53289D88C50065AA2F /* Base */,
			);
			name = LaunchScreen.storyboard;
			sourceTree = "<group>";
		};
/* End PBXVariantGroup section */

/* Begin XCBuildConfiguration section */
		F2727C56289D88C50065AA2F /* Debug */ = {
			isa = XCBuildConfiguration;
			buildSettings = {
				ALWAYS_SEARCH_USER_PATHS = NO;
				CLANG_ANALYZER_NONNULL = YES;
				CLANG_ANALYZER_NUMBER_OBJECT_CONVERSION = YES_AGGRESSIVE;
				CLANG_CXX_LANGUAGE_STANDARD = "gnu++17";
				CLANG_ENABLE_MODULES = YES;
				CLANG_ENABLE_OBJC_ARC = YES;
				CLANG_ENABLE_OBJC_WEAK = YES;
				CLANG_WARN_BLOCK_CAPTURE_AUTORELEASING = YES;
				CLANG_WARN_BOOL_CONVERSION = YES;
				CLANG_WARN_COMMA = YES;
				CLANG_WARN_CONSTANT_CONVERSION = YES;
				CLANG_WARN_DEPRECATED_OBJC_IMPLEMENTATIONS = YES;
				CLANG_WARN_DIRECT_OBJC_ISA_USAGE = YES_ERROR;
				CLANG_WARN_DOCUMENTATION_COMMENTS = YES;
				CLANG_WARN_EMPTY_BODY = YES;
				CLANG_WARN_ENUM_CONVERSION = YES;
				CLANG_WARN_INFINITE_RECURSION = YES;
				CLANG_WARN_INT_CONVERSION = YES;
				CLANG_WARN_NON_LITERAL_NULL_CONVERSION = YES;
				CLANG_WARN_OBJC_IMPLICIT_RETAIN_SELF = YES;
				CLANG_WARN_OBJC_LITERAL_CONVERSION = YES;
				CLANG_WARN_OBJC_ROOT_CLASS = YES_ERROR;
				CLANG_WARN_QUOTED_INCLUDE_IN_FRAMEWORK_HEADER = YES;
				CLANG_WARN_RANGE_LOOP_ANALYSIS = YES;
				CLANG_WARN_STRICT_PROTOTYPES = YES;
				CLANG_WARN_SUSPICIOUS_MOVE = YES;
				CLANG_WARN_UNGUARDED_AVAILABILITY = YES_AGGRESSIVE;
				CLANG_WARN_UNREACHABLE_CODE = YES;
				CLANG_WARN__DUPLICATE_METHOD_MATCH = YES;
				COPY_PHASE_STRIP = NO;
				DEBUG_INFORMATION_FORMAT = dwarf;
				ENABLE_STRICT_OBJC_MSGSEND = YES;
				ENABLE_TESTABILITY = YES;
				GCC_C_LANGUAGE_STANDARD = gnu11;
				GCC_DYNAMIC_NO_PIC = NO;
				GCC_NO_COMMON_BLOCKS = YES;
				GCC_OPTIMIZATION_LEVEL = 0;
				GCC_PREPROCESSOR_DEFINITIONS = (
					"DEBUG=1",
					"$(inherited)",
				);
				GCC_WARN_64_TO_32_BIT_CONVERSION = YES;
				GCC_WARN_ABOUT_RETURN_TYPE = YES_ERROR;
				GCC_WARN_UNDECLARED_SELECTOR = YES;
				GCC_WARN_UNINITIALIZED_AUTOS = YES_AGGRESSIVE;
				GCC_WARN_UNUSED_FUNCTION = YES;
				GCC_WARN_UNUSED_VARIABLE = YES;
				IPHONEOS_DEPLOYMENT_TARGET = 15.5;
				MTL_ENABLE_DEBUG_INFO = INCLUDE_SOURCE;
				MTL_FAST_MATH = YES;
				ONLY_ACTIVE_ARCH = YES;
				SDKROOT = iphoneos;
				SWIFT_ACTIVE_COMPILATION_CONDITIONS = DEBUG;
				SWIFT_OPTIMIZATION_LEVEL = "-Onone";
			};
			name = Debug;
		};
		F2727C57289D88C50065AA2F /* Release */ = {
			isa = XCBuildConfiguration;
			buildSettings = {
				ALWAYS_SEARCH_USER_PATHS = NO;
				CLANG_ANALYZER_NONNULL = YES;
				CLANG_ANALYZER_NUMBER_OBJECT_CONVERSION = YES_AGGRESSIVE;
				CLANG_CXX_LANGUAGE_STANDARD = "gnu++17";
				CLANG_ENABLE_MODULES = YES;
				CLANG_ENABLE_OBJC_ARC = YES;
				CLANG_ENABLE_OBJC_WEAK = YES;
				CLANG_WARN_BLOCK_CAPTURE_AUTORELEASING = YES;
				CLANG_WARN_BOOL_CONVERSION = YES;
				CLANG_WARN_COMMA = YES;
				CLANG_WARN_CONSTANT_CONVERSION = YES;
				CLANG_WARN_DEPRECATED_OBJC_IMPLEMENTATIONS = YES;
				CLANG_WARN_DIRECT_OBJC_ISA_USAGE = YES_ERROR;
				CLANG_WARN_DOCUMENTATION_COMMENTS = YES;
				CLANG_WARN_EMPTY_BODY = YES;
				CLANG_WARN_ENUM_CONVERSION = YES;
				CLANG_WARN_INFINITE_RECURSION = YES;
				CLANG_WARN_INT_CONVERSION = YES;
				CLANG_WARN_NON_LITERAL_NULL_CONVERSION = YES;
				CLANG_WARN_OBJC_IMPLICIT_RETAIN_SELF = YES;
				CLANG_WARN_OBJC_LITERAL_CONVERSION = YES;
				CLANG_WARN_OBJC_ROOT_CLASS = YES_ERROR;
				CLANG_WARN_QUOTED_INCLUDE_IN_FRAMEWORK_HEADER = YES;
				CLANG_WARN_RANGE_LOOP_ANALYSIS = YES;
				CLANG_WARN_STRICT_PROTOTYPES = YES;
				CLANG_WARN_SUSPICIOUS_MOVE = YES;
				CLANG_WARN_UNGUARDED_AVAILABILITY = YES_AGGRESSIVE;
				CLANG_WARN_UNREACHABLE_CODE = YES;
				CLANG_WARN__DUPLICATE_METHOD_MATCH = YES;
				COPY_PHASE_STRIP = NO;
				DEBUG_INFORMATION_FORMAT = "dwarf-with-dsym";
				ENABLE_NS_ASSERTIONS = NO;
				ENABLE_STRICT_OBJC_MSGSEND = YES;
				GCC_C_LANGUAGE_STANDARD = gnu11;
				GCC_NO_COMMON_BLOCKS = YES;
				GCC_WARN_64_TO_32_BIT_CONVERSION = YES;
				GCC_WARN_ABOUT_RETURN_TYPE = YES_ERROR;
				GCC_WARN_UNDECLARED_SELECTOR = YES;
				GCC_WARN_UNINITIALIZED_AUTOS = YES_AGGRESSIVE;
				GCC_WARN_UNUSED_FUNCTION = YES;
				GCC_WARN_UNUSED_VARIABLE = YES;
				IPHONEOS_DEPLOYMENT_TARGET = 15.5;
				MTL_ENABLE_DEBUG_INFO = NO;
				MTL_FAST_MATH = YES;
				SDKROOT = iphoneos;
				SWIFT_COMPILATION_MODE = wholemodule;
				SWIFT_OPTIMIZATION_LEVEL = "-O";
				VALIDATE_PRODUCT = YES;
			};
			name = Release;
		};
		F2727C59289D88C50065AA2F /* Debug */ = {
			isa = XCBuildConfiguration;
			buildSettings = {
				ASSETCATALOG_COMPILER_APPICON_NAME = AppIcon;
				ASSETCATALOG_COMPILER_GLOBAL_ACCENT_COLOR_NAME = AccentColor;
				CODE_SIGN_STYLE = Automatic;
				CURRENT_PROJECT_VERSION = 1;
				DEVELOPMENT_TEAM = STSA5D224N;
				GENERATE_INFOPLIST_FILE = YES;
				INFOPLIST_FILE = "MovieList-Mvvm-Alamofire/Info.plist";
				INFOPLIST_KEY_UIApplicationSupportsIndirectInputEvents = YES;
				INFOPLIST_KEY_UILaunchStoryboardName = LaunchScreen;
				INFOPLIST_KEY_UIMainStoryboardFile = Main;
				INFOPLIST_KEY_UISupportedInterfaceOrientations_iPad = "UIInterfaceOrientationPortrait UIInterfaceOrientationPortraitUpsideDown UIInterfaceOrientationLandscapeLeft UIInterfaceOrientationLandscapeRight";
				INFOPLIST_KEY_UISupportedInterfaceOrientations_iPhone = "UIInterfaceOrientationPortrait UIInterfaceOrientationLandscapeLeft UIInterfaceOrientationLandscapeRight";
				LD_RUNPATH_SEARCH_PATHS = (
					"$(inherited)",
					"@executable_path/Frameworks",
				);
				MARKETING_VERSION = 1.0;
				PRODUCT_BUNDLE_IDENTIFIER = "com.emircansaglam.MovieList-Mvvm-Alamofire";
				PRODUCT_NAME = "$(TARGET_NAME)";
				SWIFT_EMIT_LOC_STRINGS = YES;
				SWIFT_VERSION = 5.0;
				TARGETED_DEVICE_FAMILY = "1,2";
			};
			name = Debug;
		};
		F2727C5A289D88C50065AA2F /* Release */ = {
			isa = XCBuildConfiguration;
			buildSettings = {
				ASSETCATALOG_COMPILER_APPICON_NAME = AppIcon;
				ASSETCATALOG_COMPILER_GLOBAL_ACCENT_COLOR_NAME = AccentColor;
				CODE_SIGN_STYLE = Automatic;
				CURRENT_PROJECT_VERSION = 1;
				DEVELOPMENT_TEAM = STSA5D224N;
				GENERATE_INFOPLIST_FILE = YES;
				INFOPLIST_FILE = "MovieList-Mvvm-Alamofire/Info.plist";
				INFOPLIST_KEY_UIApplicationSupportsIndirectInputEvents = YES;
				INFOPLIST_KEY_UILaunchStoryboardName = LaunchScreen;
				INFOPLIST_KEY_UIMainStoryboardFile = Main;
				INFOPLIST_KEY_UISupportedInterfaceOrientations_iPad = "UIInterfaceOrientationPortrait UIInterfaceOrientationPortraitUpsideDown UIInterfaceOrientationLandscapeLeft UIInterfaceOrientationLandscapeRight";
				INFOPLIST_KEY_UISupportedInterfaceOrientations_iPhone = "UIInterfaceOrientationPortrait UIInterfaceOrientationLandscapeLeft UIInterfaceOrientationLandscapeRight";
				LD_RUNPATH_SEARCH_PATHS = (
					"$(inherited)",
					"@executable_path/Frameworks",
				);
				MARKETING_VERSION = 1.0;
				PRODUCT_BUNDLE_IDENTIFIER = "com.emircansaglam.MovieList-Mvvm-Alamofire";
				PRODUCT_NAME = "$(TARGET_NAME)";
				SWIFT_EMIT_LOC_STRINGS = YES;
				SWIFT_VERSION = 5.0;
				TARGETED_DEVICE_FAMILY = "1,2";
			};
			name = Release;
		};
/* End XCBuildConfiguration section */

/* Begin XCConfigurationList section */
		F2727C3F289D88C30065AA2F /* Build configuration list for PBXProject "MovieList-Mvvm-Alamofire" */ = {
			isa = XCConfigurationList;
			buildConfigurations = (
				F2727C56289D88C50065AA2F /* Debug */,
				F2727C57289D88C50065AA2F /* Release */,
			);
			defaultConfigurationIsVisible = 0;
			defaultConfigurationName = Release;
		};
		F2727C58289D88C50065AA2F /* Build configuration list for PBXNativeTarget "MovieList-Mvvm-Alamofire" */ = {
			isa = XCConfigurationList;
			buildConfigurations = (
				F2727C59289D88C50065AA2F /* Debug */,
				F2727C5A289D88C50065AA2F /* Release */,
			);
			defaultConfigurationIsVisible = 0;
			defaultConfigurationName = Release;
		};
/* End XCConfigurationList section */

/* Begin XCRemoteSwiftPackageReference section */
		F2727C5B289D88D80065AA2F /* XCRemoteSwiftPackageReference "Alamofire" */ = {
			isa = XCRemoteSwiftPackageReference;
			repositoryURL = "https://github.com/Alamofire/Alamofire.git";
			requirement = {
				branch = master;
				kind = branch;
			};
		};
		F2727C6A289DCE450065AA2F /* XCRemoteSwiftPackageReference "AlamofireImage" */ = {
			isa = XCRemoteSwiftPackageReference;
			repositoryURL = "https://github.com/Alamofire/AlamofireImage.git";
			requirement = {
				branch = master;
				kind = branch;
			};
		};
/* End XCRemoteSwiftPackageReference section */

/* Begin XCSwiftPackageProductDependency section */
		F2727C5C289D88D80065AA2F /* Alamofire */ = {
			isa = XCSwiftPackageProductDependency;
			package = F2727C5B289D88D80065AA2F /* XCRemoteSwiftPackageReference "Alamofire" */;
			productName = Alamofire;
		};
		F2727C6B289DCE460065AA2F /* AlamofireImage */ = {
			isa = XCSwiftPackageProductDependency;
			package = F2727C6A289DCE450065AA2F /* XCRemoteSwiftPackageReference "AlamofireImage" */;
			productName = AlamofireImage;
		};
/* End XCSwiftPackageProductDependency section */
	};
	rootObject = F2727C3C289D88C30065AA2F /* Project object */;
}
